// !$*UTF8*$!
{
	archiveVersion = 1;
	classes = {
	};
	objectVersion = 52;
	objects = {

/* Begin PBXBuildFile section */
		1F00B5A02565B893003F6884 /* main.swift in Sources */ = {isa = PBXBuildFile; fileRef = 1F00B59E2565B893003F6884 /* main.swift */; };
		1F00B5A92565B9B9003F6884 /* Commander in Frameworks */ = {isa = PBXBuildFile; productRef = 1F00B5A82565B9B9003F6884 /* Commander */; };
		1F19462325686EC900A31407 /* EonilFSEvents in Frameworks */ = {isa = PBXBuildFile; productRef = 1F19462225686EC900A31407 /* EonilFSEvents */; };
		1F1946322568870600A31407 /* daemon.swift in Sources */ = {isa = PBXBuildFile; fileRef = 1F1946312568870600A31407 /* daemon.swift */; };
		1F19466A256931DB00A31407 /* target.swift in Sources */ = {isa = PBXBuildFile; fileRef = 1F194667256931DB00A31407 /* target.swift */; };
		1F19466B256931DB00A31407 /* directory.swift in Sources */ = {isa = PBXBuildFile; fileRef = 1F194668256931DB00A31407 /* directory.swift */; };
		1F19466C256931DB00A31407 /* theme.swift in Sources */ = {isa = PBXBuildFile; fileRef = 1F194669256931DB00A31407 /* theme.swift */; };
/* End PBXBuildFile section */

/* Begin PBXCopyFilesBuildPhase section */
		1F00B5912565B888003F6884 /* CopyFiles */ = {
			isa = PBXCopyFilesBuildPhase;
			buildActionMask = 2147483647;
			dstPath = /usr/share/man/man1/;
			dstSubfolderSpec = 0;
			files = (
			);
			runOnlyForDeploymentPostprocessing = 1;
		};
/* End PBXCopyFilesBuildPhase section */

/* Begin PBXFileReference section */
		1F00B5932565B888003F6884 /* iconsyncd */ = {isa = PBXFileReference; explicitFileType = "compiled.mach-o.executable"; includeInIndex = 0; path = iconsyncd; sourceTree = BUILT_PRODUCTS_DIR; };
		1F00B59E2565B893003F6884 /* main.swift */ = {isa = PBXFileReference; fileEncoding = 4; lastKnownFileType = sourcecode.swift; path = main.swift; sourceTree = "<group>"; };
		1F1946312568870600A31407 /* daemon.swift */ = {isa = PBXFileReference; lastKnownFileType = sourcecode.swift; path = daemon.swift; sourceTree = "<group>"; };
		1F194667256931DB00A31407 /* target.swift */ = {isa = PBXFileReference; fileEncoding = 4; lastKnownFileType = sourcecode.swift; path = target.swift; sourceTree = "<group>"; };
		1F194668256931DB00A31407 /* directory.swift */ = {isa = PBXFileReference; fileEncoding = 4; lastKnownFileType = sourcecode.swift; path = directory.swift; sourceTree = "<group>"; };
		1F194669256931DB00A31407 /* theme.swift */ = {isa = PBXFileReference; fileEncoding = 4; lastKnownFileType = sourcecode.swift; path = theme.swift; sourceTree = "<group>"; };
/* End PBXFileReference section */

/* Begin PBXFrameworksBuildPhase section */
		1F00B5902565B888003F6884 /* Frameworks */ = {
			isa = PBXFrameworksBuildPhase;
			buildActionMask = 2147483647;
			files = (
				1F19462325686EC900A31407 /* EonilFSEvents in Frameworks */,
				1F00B5A92565B9B9003F6884 /* Commander in Frameworks */,
			);
			runOnlyForDeploymentPostprocessing = 0;
		};
/* End PBXFrameworksBuildPhase section */

/* Begin PBXGroup section */
		1F00B5822565B7CE003F6884 /* Sources */ = {
			isa = PBXGroup;
			children = (
				1F00B59C2565B893003F6884 /* iconsyncd */,
			);
			path = Sources;
			sourceTree = "<group>";
		};
		1F00B59C2565B893003F6884 /* iconsyncd */ = {
			isa = PBXGroup;
			children = (
				1F194666256931DB00A31407 /* theme */,
				1F00B59E2565B893003F6884 /* main.swift */,
				1F1946312568870600A31407 /* daemon.swift */,
			);
			path = iconsyncd;
			sourceTree = "<group>";
		};
		1F194661256930EA00A31407 /* Frameworks */ = {
			isa = PBXGroup;
			children = (
			);
			name = Frameworks;
			sourceTree = "<group>";
		};
		1F194666256931DB00A31407 /* theme */ = {
			isa = PBXGroup;
			children = (
				1F194667256931DB00A31407 /* target.swift */,
				1F194668256931DB00A31407 /* directory.swift */,
				1F194669256931DB00A31407 /* theme.swift */,
			);
			path = theme;
			sourceTree = "<group>";
		};
		1FCE57C82562CBDF00BDFD45 = {
			isa = PBXGroup;
			children = (
				1F00B5822565B7CE003F6884 /* Sources */,
				1FCE57D32562CBDF00BDFD45 /* Products */,
				1F194661256930EA00A31407 /* Frameworks */,
			);
			sourceTree = "<group>";
		};
		1FCE57D32562CBDF00BDFD45 /* Products */ = {
			isa = PBXGroup;
			children = (
				1F00B5932565B888003F6884 /* iconsyncd */,
			);
			name = Products;
			sourceTree = "<group>";
		};
/* End PBXGroup section */

/* Begin PBXNativeTarget section */
		1F00B5922565B888003F6884 /* iconsyncd */ = {
			isa = PBXNativeTarget;
			buildConfigurationList = 1F00B5972565B888003F6884 /* Build configuration list for PBXNativeTarget "iconsyncd" */;
			buildPhases = (
				1F00B58F2565B888003F6884 /* Sources */,
				1F00B5902565B888003F6884 /* Frameworks */,
				1F00B5912565B888003F6884 /* CopyFiles */,
			);
			buildRules = (
			);
			dependencies = (
			);
			name = iconsyncd;
			packageProductDependencies = (
				1F00B5A82565B9B9003F6884 /* Commander */,
				1F19462225686EC900A31407 /* EonilFSEvents */,
			);
			productName = iconsyncd;
			productReference = 1F00B5932565B888003F6884 /* iconsyncd */;
			productType = "com.apple.product-type.tool";
		};
/* End PBXNativeTarget section */

/* Begin PBXProject section */
		1FCE57C92562CBDF00BDFD45 /* Project object */ = {
			isa = PBXProject;
			attributes = {
				LastSwiftUpdateCheck = 1220;
				LastUpgradeCheck = 1220;
				TargetAttributes = {
					1F00B5922565B888003F6884 = {
						CreatedOnToolsVersion = 12.2;
					};
				};
			};
			buildConfigurationList = 1FCE57CC2562CBDF00BDFD45 /* Build configuration list for PBXProject "iconsync" */;
			compatibilityVersion = "Xcode 9.3";
			developmentRegion = en;
			hasScannedForEncodings = 0;
			knownRegions = (
				en,
				Base,
			);
			mainGroup = 1FCE57C82562CBDF00BDFD45;
			packageReferences = (
				1F00B5A72565B9B9003F6884 /* XCRemoteSwiftPackageReference "Commander" */,
				1F19462125686EC900A31407 /* XCRemoteSwiftPackageReference "FSEvents" */,
			);
			productRefGroup = 1FCE57D32562CBDF00BDFD45 /* Products */;
			projectDirPath = "";
			projectRoot = "";
			targets = (
				1F00B5922565B888003F6884 /* iconsyncd */,
			);
		};
/* End PBXProject section */

/* Begin PBXSourcesBuildPhase section */
		1F00B58F2565B888003F6884 /* Sources */ = {
			isa = PBXSourcesBuildPhase;
			buildActionMask = 2147483647;
			files = (
				1F19466A256931DB00A31407 /* target.swift in Sources */,
				1F00B5A02565B893003F6884 /* main.swift in Sources */,
				1F19466C256931DB00A31407 /* theme.swift in Sources */,
				1F1946322568870600A31407 /* daemon.swift in Sources */,
				1F19466B256931DB00A31407 /* directory.swift in Sources */,
			);
			runOnlyForDeploymentPostprocessing = 0;
		};
/* End PBXSourcesBuildPhase section */

/* Begin XCBuildConfiguration section */
		1F00B5982565B888003F6884 /* Debug */ = {
			isa = XCBuildConfiguration;
			buildSettings = {
				CODE_SIGN_STYLE = Automatic;
				DEVELOPMENT_TEAM = JD7Y55HTTY;
				ENABLE_HARDENED_RUNTIME = YES;
				PRODUCT_NAME = "$(TARGET_NAME)";
				SWIFT_ACTIVE_COMPILATION_CONDITIONS = DEBUG;
				SWIFT_OPTIMIZATION_LEVEL = "-Onone";
				SWIFT_VERSION = 5.0;
			};
			name = Debug;
		};
		1F00B5992565B888003F6884 /* Release */ = {
			isa = XCBuildConfiguration;
			buildSettings = {
				CODE_SIGN_STYLE = Automatic;
				DEVELOPMENT_TEAM = JD7Y55HTTY;
				ENABLE_HARDENED_RUNTIME = YES;
				PRODUCT_NAME = "$(TARGET_NAME)";
				SWIFT_COMPILATION_MODE = wholemodule;
				SWIFT_OPTIMIZATION_LEVEL = "-O";
				SWIFT_VERSION = 5.0;
			};
			name = Release;
		};
		1FCE57DF2562CBDF00BDFD45 /* Debug */ = {
			isa = XCBuildConfiguration;
			buildSettings = {
				ALWAYS_SEARCH_USER_PATHS = NO;
				CLANG_ANALYZER_NONNULL = YES;
				CLANG_ANALYZER_NUMBER_OBJECT_CONVERSION = YES_AGGRESSIVE;
				CLANG_CXX_LANGUAGE_STANDARD = "gnu++14";
				CLANG_CXX_LIBRARY = "libc++";
				CLANG_ENABLE_MODULES = YES;
				CLANG_ENABLE_OBJC_ARC = YES;
				CLANG_ENABLE_OBJC_WEAK = YES;
				CLANG_WARN_BLOCK_CAPTURE_AUTORELEASING = YES;
				CLANG_WARN_BOOL_CONVERSION = YES;
				CLANG_WARN_COMMA = YES;
				CLANG_WARN_CONSTANT_CONVERSION = YES;
				CLANG_WARN_DEPRECATED_OBJC_IMPLEMENTATIONS = YES;
				CLANG_WARN_DIRECT_OBJC_ISA_USAGE = YES_ERROR;
				CLANG_WARN_DOCUMENTATION_COMMENTS = YES;
				CLANG_WARN_EMPTY_BODY = YES;
				CLANG_WARN_ENUM_CONVERSION = YES;
				CLANG_WARN_INFINITE_RECURSION = YES;
				CLANG_WARN_INT_CONVERSION = YES;
				CLANG_WARN_NON_LITERAL_NULL_CONVERSION = YES;
				CLANG_WARN_OBJC_IMPLICIT_RETAIN_SELF = YES;
				CLANG_WARN_OBJC_LITERAL_CONVERSION = YES;
				CLANG_WARN_OBJC_ROOT_CLASS = YES_ERROR;
				CLANG_WARN_QUOTED_INCLUDE_IN_FRAMEWORK_HEADER = YES;
				CLANG_WARN_RANGE_LOOP_ANALYSIS = YES;
				CLANG_WARN_STRICT_PROTOTYPES = YES;
				CLANG_WARN_SUSPICIOUS_MOVE = YES;
				CLANG_WARN_UNGUARDED_AVAILABILITY = YES_AGGRESSIVE;
				CLANG_WARN_UNREACHABLE_CODE = YES;
				CLANG_WARN__DUPLICATE_METHOD_MATCH = YES;
				COPY_PHASE_STRIP = NO;
				DEBUG_INFORMATION_FORMAT = dwarf;
				ENABLE_STRICT_OBJC_MSGSEND = YES;
				ENABLE_TESTABILITY = YES;
				GCC_C_LANGUAGE_STANDARD = gnu11;
				GCC_DYNAMIC_NO_PIC = NO;
				GCC_NO_COMMON_BLOCKS = YES;
				GCC_OPTIMIZATION_LEVEL = 0;
				GCC_PREPROCESSOR_DEFINITIONS = (
					"DEBUG=1",
					"$(inherited)",
				);
				GCC_WARN_64_TO_32_BIT_CONVERSION = YES;
				GCC_WARN_ABOUT_RETURN_TYPE = YES_ERROR;
				GCC_WARN_UNDECLARED_SELECTOR = YES;
				GCC_WARN_UNINITIALIZED_AUTOS = YES_AGGRESSIVE;
				GCC_WARN_UNUSED_FUNCTION = YES;
				GCC_WARN_UNUSED_VARIABLE = YES;
				MACOSX_DEPLOYMENT_TARGET = 11.0;
				MTL_ENABLE_DEBUG_INFO = INCLUDE_SOURCE;
				MTL_FAST_MATH = YES;
				ONLY_ACTIVE_ARCH = YES;
				SDKROOT = macosx;
			};
			name = Debug;
		};
		1FCE57E02562CBDF00BDFD45 /* Release */ = {
			isa = XCBuildConfiguration;
			buildSettings = {
				ALWAYS_SEARCH_USER_PATHS = NO;
				CLANG_ANALYZER_NONNULL = YES;
				CLANG_ANALYZER_NUMBER_OBJECT_CONVERSION = YES_AGGRESSIVE;
				CLANG_CXX_LANGUAGE_STANDARD = "gnu++14";
				CLANG_CXX_LIBRARY = "libc++";
				CLANG_ENABLE_MODULES = YES;
				CLANG_ENABLE_OBJC_ARC = YES;
				CLANG_ENABLE_OBJC_WEAK = YES;
				CLANG_WARN_BLOCK_CAPTURE_AUTORELEASING = YES;
				CLANG_WARN_BOOL_CONVERSION = YES;
				CLANG_WARN_COMMA = YES;
				CLANG_WARN_CONSTANT_CONVERSION = YES;
				CLANG_WARN_DEPRECATED_OBJC_IMPLEMENTATIONS = YES;
				CLANG_WARN_DIRECT_OBJC_ISA_USAGE = YES_ERROR;
				CLANG_WARN_DOCUMENTATION_COMMENTS = YES;
				CLANG_WARN_EMPTY_BODY = YES;
				CLANG_WARN_ENUM_CONVERSION = YES;
				CLANG_WARN_INFINITE_RECURSION = YES;
				CLANG_WARN_INT_CONVERSION = YES;
				CLANG_WARN_NON_LITERAL_NULL_CONVERSION = YES;
				CLANG_WARN_OBJC_IMPLICIT_RETAIN_SELF = YES;
				CLANG_WARN_OBJC_LITERAL_CONVERSION = YES;
				CLANG_WARN_OBJC_ROOT_CLASS = YES_ERROR;
				CLANG_WARN_QUOTED_INCLUDE_IN_FRAMEWORK_HEADER = YES;
				CLANG_WARN_RANGE_LOOP_ANALYSIS = YES;
				CLANG_WARN_STRICT_PROTOTYPES = YES;
				CLANG_WARN_SUSPICIOUS_MOVE = YES;
				CLANG_WARN_UNGUARDED_AVAILABILITY = YES_AGGRESSIVE;
				CLANG_WARN_UNREACHABLE_CODE = YES;
				CLANG_WARN__DUPLICATE_METHOD_MATCH = YES;
				COPY_PHASE_STRIP = NO;
				DEBUG_INFORMATION_FORMAT = "dwarf-with-dsym";
				ENABLE_NS_ASSERTIONS = NO;
				ENABLE_STRICT_OBJC_MSGSEND = YES;
				GCC_C_LANGUAGE_STANDARD = gnu11;
				GCC_NO_COMMON_BLOCKS = YES;
				GCC_WARN_64_TO_32_BIT_CONVERSION = YES;
				GCC_WARN_ABOUT_RETURN_TYPE = YES_ERROR;
				GCC_WARN_UNDECLARED_SELECTOR = YES;
				GCC_WARN_UNINITIALIZED_AUTOS = YES_AGGRESSIVE;
				GCC_WARN_UNUSED_FUNCTION = YES;
				GCC_WARN_UNUSED_VARIABLE = YES;
				MACOSX_DEPLOYMENT_TARGET = 11.0;
				MTL_ENABLE_DEBUG_INFO = NO;
				MTL_FAST_MATH = YES;
				SDKROOT = macosx;
			};
			name = Release;
		};
/* End XCBuildConfiguration section */

/* Begin XCConfigurationList section */
		1F00B5972565B888003F6884 /* Build configuration list for PBXNativeTarget "iconsyncd" */ = {
			isa = XCConfigurationList;
			buildConfigurations = (
				1F00B5982565B888003F6884 /* Debug */,
				1F00B5992565B888003F6884 /* Release */,
			);
			defaultConfigurationIsVisible = 0;
			defaultConfigurationName = Release;
		};
		1FCE57CC2562CBDF00BDFD45 /* Build configuration list for PBXProject "iconsync" */ = {
			isa = XCConfigurationList;
			buildConfigurations = (
				1FCE57DF2562CBDF00BDFD45 /* Debug */,
				1FCE57E02562CBDF00BDFD45 /* Release */,
			);
			defaultConfigurationIsVisible = 0;
			defaultConfigurationName = Release;
		};
/* End XCConfigurationList section */

/* Begin XCRemoteSwiftPackageReference section */
		1F00B5A72565B9B9003F6884 /* XCRemoteSwiftPackageReference "Commander" */ = {
			isa = XCRemoteSwiftPackageReference;
			repositoryURL = "https://github.com/kylef/Commander.git";
			requirement = {
				kind = upToNextMajorVersion;
				minimumVersion = 0.9.1;
			};
		};
		1F19462125686EC900A31407 /* XCRemoteSwiftPackageReference "FSEvents" */ = {
			isa = XCRemoteSwiftPackageReference;
			repositoryURL = "https://github.com/eonil/FSEvents";
			requirement = {
				kind = upToNextMajorVersion;
				minimumVersion = 0.1.7;
			};
		};
/* End XCRemoteSwiftPackageReference section */

/* Begin XCSwiftPackageProductDependency section */
		1F00B5A82565B9B9003F6884 /* Commander */ = {
			isa = XCSwiftPackageProductDependency;
			package = 1F00B5A72565B9B9003F6884 /* XCRemoteSwiftPackageReference "Commander" */;
			productName = Commander;
		};
		1F19462225686EC900A31407 /* EonilFSEvents */ = {
			isa = XCSwiftPackageProductDependency;
			package = 1F19462125686EC900A31407 /* XCRemoteSwiftPackageReference "FSEvents" */;
			productName = EonilFSEvents;
		};
/* End XCSwiftPackageProductDependency section */
	};
	rootObject = 1FCE57C92562CBDF00BDFD45 /* Project object */;
}
